# @generated - this file is auto-generated by `mise lock` https://mise.jdx.dev/dev-tools/mise-lock.html

[[tools.actionlint]]
version = "1.7.12"
backend = "aqua:rhysd/actionlint"

[tools.actionlint."platforms.linux-arm64"]
checksum = "sha256:325e971b6ba9bfa504672e29be93c24981eeb1c07576d730e9f7c8805afff0c6"
url = "https://github.com/rhysd/actionlint/releases/download/v1.7.12/actionlint_1.7.12_linux_arm64.tar.gz"
url_api = "https://api.github.com/repos/rhysd/actionlint/releases/assets/384924897"
provenance = "github-attestations"

[tools.actionlint."platforms.linux-x64"]
checksum = "sha256:8aca8db96f1b94770f1b0d72b6dddcb1ebb8123cb3712530b08cc387b349a3d8"
url = "https://github.com/rhysd/actionlint/releases/download/v1.7.12/actionlint_1.7.12_linux_amd64.tar.gz"
url_api = "https://api.github.com/repos/rhysd/actionlint/releases/assets/384924896"
provenance = "github-attestations"

[tools.actionlint."platforms.macos-arm64"]
checksum = "sha256:aba9ced2dee8d27fecca3dc7feb1a7f9a52caefa1eb46f3271ea66b6e0e6953f"
url = "https://github.com/rhysd/actionlint/releases/download/v1.7.12/actionlint_1.7.12_darwin_arm64.tar.gz"
url_api = "https://api.github.com/repos/rhysd/actionlint/releases/assets/384924893"
provenance = "github-attestations"

[[tools."aqua:Mic92/nixfmt-rs"]]
version = "0.5.1"
backend = "aqua:Mic92/nixfmt-rs"

[tools."aqua:Mic92/nixfmt-rs"."platforms.linux-arm64"]
checksum = "sha256:e82c0951a6afa5b0f7ec48f10e4b9dd24a775f41e6328d00e6adef9517688309"
url = "https://github.com/Mic92/nixfmt-rs/releases/download/0.5.1/nixfmt-aarch64-linux"
url_api = "https://api.github.com/repos/Mic92/nixfmt-rs/releases/assets/432909973"
provenance = "github-attestations"

[tools."aqua:Mic92/nixfmt-rs"."platforms.linux-x64"]
checksum = "sha256:392b402839fd5db1f665986b29ed5873a1e86da7a9c79b364d97ae69fac708ca"
url = "https://github.com/Mic92/nixfmt-rs/releases/download/0.5.1/nixfmt-x86_64-linux"
url_api = "https://api.github.com/repos/Mic92/nixfmt-rs/releases/assets/432909972"
provenance = "github-attestations"

[tools."aqua:Mic92/nixfmt-rs"."platforms.macos-arm64"]
checksum = "sha256:8fc63a5a32dba567c6cb75d0da8f92ce1b076c75b9c1fa0ecee78df93dfdbdf5"
url = "https://github.com/Mic92/nixfmt-rs/releases/download/0.5.1/nixfmt-aarch64-darwin"
url_api = "https://api.github.com/repos/Mic92/nixfmt-rs/releases/assets/432909970"
provenance = "github-attestations"

[[tools.aube]]
version = "1.34.0"
backend = "aqua:jdx/aube"

[tools.aube."platforms.linux-arm64"]
checksum = "sha256:44f38fe924e5bb91818d855a4eabcbcbfbce8b0c2d57b39d5bff28a7ec4ee131"
url = "https://github.com/jdx/aube/releases/download/v1.34.0/aube-v1.34.0-aarch64-unknown-linux-gnu.tar.gz"
url_api = "https://api.github.com/repos/jdx/aube/releases/assets/490930531"
provenance = "github-attestations"

[tools.aube."platforms.linux-x64"]
checksum = "sha256:59298a3046087e0e865f07e87170dbe71ff19be7bfd15ecec1a18635b8ac59d0"
url = "https://github.com/jdx/aube/releases/download/v1.34.0/aube-v1.34.0-x86_64-unknown-linux-gnu.tar.gz"
url_api = "https://api.github.com/repos/jdx/aube/releases/assets/490914739"
provenance = "github-attestations"

[tools.aube."platforms.macos-arm64"]
checksum = "sha256:dc586837830d9cd07368f72c332cfeba1c670d4918c2aac2d2b856191aba8b2c"
url = "https://github.com/jdx/aube/releases/download/v1.34.0/aube-v1.34.0-aarch64-apple-darwin.tar.gz"
url_api = "https://api.github.com/repos/jdx/aube/releases/assets/490949647"
provenance = "github-attestations"

[[tools.biome]]
version = "2.3.11"
backend = "aqua:biomejs/biome"

[tools.biome."platforms.linux-arm64"]
checksum = "sha256:036ce4b0adabac048c1e5f28539d04fdff0b0f81471657244f9cfcf7c8525578"
url = "https://github.com/biomejs/biome/releases/download/%40biomejs/biome%402.3.11/biome-linux-arm64"
url_api = "https://api.github.com/repos/biomejs/biome/releases/assets/335868448"
provenance = "github-attestations"

[tools.biome."platforms.linux-x64"]
checksum = "sha256:92587fac102e33cbf8ab1fdb4884f8f4dcbf1117259fc6decd5cb5b5f5e48e67"
url = "https://github.com/biomejs/biome/releases/download/%40biomejs/biome%402.3.11/biome-linux-x64"
url_api = "https://api.github.com/repos/biomejs/biome/releases/assets/335868445"
provenance = "github-attestations"

[tools.biome."platforms.macos-arm64"]
checksum = "sha256:500fc88ff40925ed422adcca6b8a3e90526ee904d2ba10b0ede0cd065fca3d2b"
url = "https://github.com/biomejs/biome/releases/download/%40biomejs/biome%402.3.11/biome-darwin-arm64"
url_api = "https://api.github.com/repos/biomejs/biome/releases/assets/335868446"
provenance = "github-attestations"

[[tools.cocogitto]]
version = "7.0.0"
backend = "aqua:cocogitto/cocogitto"

[tools.cocogitto."platforms.linux-arm64"]
checksum = "sha256:379949f50c4f8245ef9532913e83f351c048b55e40ebd52ed8a850642c07a753"
url = "https://github.com/cocogitto/cocogitto/releases/download/7.0.0/cocogitto-7.0.0-aarch64-unknown-linux-gnu.tar.gz"
url_api = "https://api.github.com/repos/cocogitto/cocogitto/releases/assets/366659384"

[tools.cocogitto."platforms.linux-x64"]
checksum = "sha256:e03938ff2c4c86d71c00c0f3284dbbe95c5ca76fe34a51f33e945c23010d59bb"
url = "https://github.com/cocogitto/cocogitto/releases/download/7.0.0/cocogitto-7.0.0-x86_64-unknown-linux-musl.tar.gz"
url_api = "https://api.github.com/repos/cocogitto/cocogitto/releases/assets/366659350"

[tools.cocogitto."platforms.macos-arm64"]
checksum = "sha256:429303b6d68c6461aa221ab4de82b26d0bbcdee7127947ea9c7c411ab9bc574c"
url = "https://github.com/cocogitto/cocogitto/releases/download/7.0.0/cocogitto-7.0.0-aarch64-apple-darwin.tar.gz"
url_api = "https://api.github.com/repos/cocogitto/cocogitto/releases/assets/366659431"

[[tools."github:rust-lang/mdBook"]]
version = "0.5.4"
backend = "github:rust-lang/mdBook"

[tools."github:rust-lang/mdBook"."platforms.linux-arm64"]
checksum = "sha256:753e5c5c363ee8a56972344dcf91466f005a51db84a7aeffe427ae3ef83d6d44"
url = "https://github.com/rust-lang/mdBook/releases/download/v0.5.4/mdbook-v0.5.4-aarch64-unknown-linux-musl.tar.gz"
url_api = "https://api.github.com/repos/rust-lang/mdBook/releases/assets/468210015"

[tools."github:rust-lang/mdBook"."platforms.linux-x64"]
checksum = "sha256:3f28de05dafca9d0f2eab99c662116b0e37b89b1d96a08f8f430b9eeae958cd7"
url = "https://github.com/rust-lang/mdBook/releases/download/v0.5.4/mdbook-v0.5.4-x86_64-unknown-linux-gnu.tar.gz"
url_api = "https://api.github.com/repos/rust-lang/mdBook/releases/assets/468209394"

[tools."github:rust-lang/mdBook"."platforms.macos-arm64"]
checksum = "sha256:03e8a6d8b13a2971e0b3280affd03b388373c1485e26f73407c3a76b0b1838df"
url = "https://github.com/rust-lang/mdBook/releases/download/v0.5.4/mdbook-v0.5.4-aarch64-apple-darwin.tar.gz"
url_api = "https://api.github.com/repos/rust-lang/mdBook/releases/assets/468209418"

[[tools.harper-cli]]
version = "2.6.0"
backend = "aqua:Automattic/harper/harper-cli"

[tools.harper-cli."platforms.linux-arm64"]
checksum = "sha256:e95271b44eafd5883878f49f231bbc2a4639a7cc4c3f5554039942dbbb9ec71d"
url = "https://github.com/Automattic/harper/releases/download/v2.6.0/harper-cli-aarch64-unknown-linux-gnu.tar.gz"
url_api = "https://api.github.com/repos/Automattic/harper/releases/assets/456745232"

[tools.harper-cli."platforms.linux-x64"]
checksum = "sha256:4c7706869d57e05861b08f1e0750835d6ac3eb16b9c333538ba425d05757725f"
url = "https://github.com/Automattic/harper/releases/download/v2.6.0/harper-cli-x86_64-unknown-linux-gnu.tar.gz"
url_api = "https://api.github.com/repos/Automattic/harper/releases/assets/456744965"

[tools.harper-cli."platforms.macos-arm64"]
checksum = "sha256:4ff0a0aa1e845a7295d85ce70877cdd8bd9e917a7a0027b0ed57acd2bf13808f"
url = "https://github.com/Automattic/harper/releases/download/v2.6.0/harper-cli-aarch64-apple-darwin.tar.gz"
url_api = "https://api.github.com/repos/Automattic/harper/releases/assets/456745684"

[[tools.hk]]
version = "1.49.0"
backend = "aqua:jdx/hk"

[tools.hk."platforms.linux-arm64"]
checksum = "sha256:9d1b59d01d88a663b532230f718fb03fc244c41495a9eecc044ca0b47819a9d8"
url = "https://github.com/jdx/hk/releases/download/v1.49.0/hk-aarch64-unknown-linux-gnu.tar.gz"
url_api = "https://api.github.com/repos/jdx/hk/releases/assets/463689401"

[tools.hk."platforms.linux-x64"]
checksum = "sha256:409c24b22c7f0c2f32be9330defbef54adf71aa53ec13853e20ac0ea952061d6"
url = "https://github.com/jdx/hk/releases/download/v1.49.0/hk-x86_64-unknown-linux-gnu.tar.gz"
url_api = "https://api.github.com/repos/jdx/hk/releases/assets/463689407"

[tools.hk."platforms.macos-arm64"]
checksum = "sha256:2a5b302b97107c036bc7362cd6d8d0501dbb1b735db07c70bc1231a6fe90df44"
url = "https://github.com/jdx/hk/releases/download/v1.49.0/hk-aarch64-apple-darwin.tar.gz"
url_api = "https://api.github.com/repos/jdx/hk/releases/assets/463689399"

[[tools."npm:@contextlint/cli"]]
version = "1.1.1"
backend = "npm:@contextlint/cli"

[tools."npm:@contextlint/cli".options]
aube_args = "--allow-low-downloads"

[[tools."npm:markdown-table-formatter"]]
version = "1.7.0"
backend = "npm:markdown-table-formatter"

[[tools.python]]
version = "3.13.14"
backend = "core:python"

[tools.python."platforms.linux-arm64"]
checksum = "sha256:1eaf979af6c6986553b91a9e3b03647f63ce52a888e00892d3bddc96f43748e9"
url = "https://github.com/astral-sh/python-build-standalone/releases/download/20260728/cpython-3.13.14+20260728-aarch64-unknown-linux-gnu-install_only_stripped.tar.gz"
provenance = "github-attestations"

[tools.python."platforms.linux-x64"]
checksum = "sha256:6734c3e643c75e860c36ee3a7904e8e6bafbf3232d89b17ffd5fbfa72ab2816c"
url = "https://github.com/astral-sh/python-build-standalone/releases/download/20260728/cpython-3.13.14+20260728-x86_64-unknown-linux-gnu-install_only_stripped.tar.gz"
provenance = "github-attestations"

[tools.python."platforms.macos-arm64"]
checksum = "sha256:aa2a054f5e04bde63ae199e3bb6bbb634e457423efd294842deeb1299e7e5932"
url = "https://github.com/astral-sh/python-build-standalone/releases/download/20260728/cpython-3.13.14+20260728-aarch64-apple-darwin-install_only_stripped.tar.gz"
provenance = "github-attestations"

[[tools.ruff]]
version = "0.16.0"
backend = "aqua:astral-sh/ruff"

[tools.ruff."platforms.linux-arm64"]
checksum = "sha256:7a6add3d38768dfa00c6d3853e9bd940b5526f3fbb76f02b1fe77ec0653f1e0e"
url = "https://github.com/astral-sh/ruff/releases/download/0.16.0/ruff-aarch64-unknown-linux-musl.tar.gz"
url_api = "https://api.github.com/repos/astral-sh/ruff/releases/assets/487540070"
provenance = "github-attestations"

[tools.ruff."platforms.linux-x64"]
checksum = "sha256:2138b7bc58ff877f5bba09aea4cc984ad5699433b6a3f811003527b8cff8e9ad"
url = "https://github.com/astral-sh/ruff/releases/download/0.16.0/ruff-x86_64-unknown-linux-musl.tar.gz"
url_api = "https://api.github.com/repos/astral-sh/ruff/releases/assets/487540129"
provenance = "github-attestations"

[tools.ruff."platforms.macos-arm64"]
checksum = "sha256:ce6564491a2cc4b0659f45ee174dbef17e4dec24e03a9c03d313b5430bc21099"
url = "https://github.com/astral-sh/ruff/releases/download/0.16.0/ruff-aarch64-apple-darwin.tar.gz"
url_api = "https://api.github.com/repos/astral-sh/ruff/releases/assets/487540064"
provenance = "github-attestations"

[[tools.rumdl]]
version = "0.2.43"
backend = "aqua:rvben/rumdl"

[tools.rumdl."platforms.linux-arm64"]
checksum = "sha256:d5388225fa5e87c558c8d9bdc78dba515ce5ac2cbf8213fcc56ecdeabe534776"
url = "https://github.com/rvben/rumdl/releases/download/v0.2.43/rumdl-v0.2.43-aarch64-unknown-linux-musl.tar.gz"
url_api = "https://api.github.com/repos/rvben/rumdl/releases/assets/488745474"
provenance = "github-attestations"

[tools.rumdl."platforms.linux-x64"]
checksum = "sha256:e74e580aaf32698f61081ef1f6b9748f5c3fc1df311c14ab47ad3548a6a62f81"
url = "https://github.com/rvben/rumdl/releases/download/v0.2.43/rumdl-v0.2.43-x86_64-unknown-linux-musl.tar.gz"
url_api = "https://api.github.com/repos/rvben/rumdl/releases/assets/488745475"
provenance = "github-attestations"

[tools.rumdl."platforms.macos-arm64"]
checksum = "sha256:43b19e0783b68135029b4f58dcb5bb7bf571f498107f6dae107e08bc6fe07214"
url = "https://github.com/rvben/rumdl/releases/download/v0.2.43/rumdl-v0.2.43-aarch64-apple-darwin.tar.gz"
url_api = "https://api.github.com/repos/rvben/rumdl/releases/assets/488745481"
provenance = "github-attestations"

[[tools.shellcheck]]
version = "0.11.0"
backend = "aqua:koalaman/shellcheck"

[tools.shellcheck."platforms.linux-arm64"]
checksum = "sha256:12b331c1d2db6b9eb13cfca64306b1b157a86eb69db83023e261eaa7e7c14588"
url = "https://github.com/koalaman/shellcheck/releases/download/v0.11.0/shellcheck-v0.11.0.linux.aarch64.tar.xz"
url_api = "https://api.github.com/repos/koalaman/shellcheck/releases/assets/279056934"

[tools.shellcheck."platforms.linux-x64"]
checksum = "sha256:8c3be12b05d5c177a04c29e3c78ce89ac86f1595681cab149b65b97c4e227198"
url = "https://github.com/koalaman/shellcheck/releases/download/v0.11.0/shellcheck-v0.11.0.linux.x86_64.tar.xz"
url_api = "https://api.github.com/repos/koalaman/shellcheck/releases/assets/279056942"

[tools.shellcheck."platforms.macos-arm64"]
checksum = "sha256:56affdd8de5527894dca6dc3d7e0a99a873b0f004d7aabc30ae407d3f48b0a79"
url = "https://github.com/koalaman/shellcheck/releases/download/v0.11.0/shellcheck-v0.11.0.darwin.aarch64.tar.xz"
url_api = "https://api.github.com/repos/koalaman/shellcheck/releases/assets/279056932"

[[tools.shfmt]]
version = "3.13.1"
backend = "aqua:mvdan/sh"

[tools.shfmt."platforms.linux-arm64"]
checksum = "sha256:32d92acaa5cd8abb29fc49dac123dc412442d5713967819d8af2c29f1b3857c7"
url = "https://github.com/mvdan/sh/releases/download/v3.13.1/shfmt_v3.13.1_linux_arm64"
url_api = "https://api.github.com/repos/mvdan/sh/releases/assets/390322859"

[tools.shfmt."platforms.linux-x64"]
checksum = "sha256:fb096c5d1ac6beabbdbaa2874d025badb03ee07929f0c9ff67563ce8c75398b1"
url = "https://github.com/mvdan/sh/releases/download/v3.13.1/shfmt_v3.13.1_linux_amd64"
url_api = "https://api.github.com/repos/mvdan/sh/releases/assets/390322866"

[tools.shfmt."platforms.macos-arm64"]
checksum = "sha256:9680526be4a66ea1ffe988ed08af58e1400fe1e4f4aef5bd88b20bb9b3da33f8"
url = "https://github.com/mvdan/sh/releases/download/v3.13.1/shfmt_v3.13.1_darwin_arm64"
url_api = "https://api.github.com/repos/mvdan/sh/releases/assets/390322881"

[[tools.tombi]]
version = "1.2.4"
backend = "aqua:tombi-toml/tombi"

[tools.tombi."platforms.linux-arm64"]
checksum = "sha256:91504ef7e605fca89ef55aea0a428ee58cf3e435f2650a8a9ce8886dd286b874"
url = "https://github.com/tombi-toml/tombi/releases/download/v1.2.4/tombi-cli-1.2.4-aarch64-unknown-linux-musl.tar.gz"
url_api = "https://api.github.com/repos/tombi-toml/tombi/releases/assets/482325750"
provenance = "github-attestations"

[tools.tombi."platforms.linux-x64"]
checksum = "sha256:a74364d9c27835cefd9d7d9e4fee0487a7f68bc5289650e61050d6b0c395dc4d"
url = "https://github.com/tombi-toml/tombi/releases/download/v1.2.4/tombi-cli-1.2.4-x86_64-unknown-linux-musl.tar.gz"
url_api = "https://api.github.com/repos/tombi-toml/tombi/releases/assets/482325758"
provenance = "github-attestations"

[tools.tombi."platforms.macos-arm64"]
checksum = "sha256:f05da8a5e619e156057e2e13c452437ac45b0865d73cf371b99763b1b539612b"
url = "https://github.com/tombi-toml/tombi/releases/download/v1.2.4/tombi-cli-1.2.4-aarch64-apple-darwin.tar.gz"
url_api = "https://api.github.com/repos/tombi-toml/tombi/releases/assets/482325748"
provenance = "github-attestations"

[[tools.ty]]
version = "0.0.63"
backend = "aqua:astral-sh/ty"

[tools.ty."platforms.linux-arm64"]
checksum = "sha256:e44b9da55ec237a8e8c53991c9df56603d2948d721c9710ec430e4112e2fbe6e"
url = "https://github.com/astral-sh/ty/releases/download/0.0.63/ty-aarch64-unknown-linux-musl.tar.gz"
url_api = "https://api.github.com/repos/astral-sh/ty/releases/assets/487124536"
provenance = "github-attestations"

[tools.ty."platforms.linux-x64"]
checksum = "sha256:363c340abc2490f3cfd7d9b829ff89cd8e79a41f8d9db911bf78dae48c36c436"
url = "https://github.com/astral-sh/ty/releases/download/0.0.63/ty-x86_64-unknown-linux-musl.tar.gz"
url_api = "https://api.github.com/repos/astral-sh/ty/releases/assets/487124639"
provenance = "github-attestations"

[tools.ty."platforms.macos-arm64"]
checksum = "sha256:30d09000d5f2524769816c57f85e19505676d23618aad6a43e046d5c50510988"
url = "https://github.com/astral-sh/ty/releases/download/0.0.63/ty-aarch64-apple-darwin.tar.gz"
url_api = "https://api.github.com/repos/astral-sh/ty/releases/assets/487124513"
provenance = "github-attestations"

[[tools.typos]]
version = "1.48.0"
backend = "aqua:crate-ci/typos"

[tools.typos."platforms.linux-arm64"]
checksum = "sha256:2960ae07bc1ffe19e4895e4359394dd349c9c31de78aac3a124b6e4aeb206698"
url = "https://github.com/crate-ci/typos/releases/download/v1.48.0/typos-v1.48.0-aarch64-unknown-linux-musl.tar.gz"
url_api = "https://api.github.com/repos/crate-ci/typos/releases/assets/462429655"

[tools.typos."platforms.linux-x64"]
checksum = "sha256:72a930c9a94fc3914aa56835c5b859c892a797d40c1c42638b98d93f16ff519c"
url = "https://github.com/crate-ci/typos/releases/download/v1.48.0/typos-v1.48.0-x86_64-unknown-linux-musl.tar.gz"
url_api = "https://api.github.com/repos/crate-ci/typos/releases/assets/462429902"

[tools.typos."platforms.macos-arm64"]
checksum = "sha256:7dcaf386ec255995dcbaf629641f961574b7e8785203921115eab75cbf1ca107"
url = "https://github.com/crate-ci/typos/releases/download/v1.48.0/typos-v1.48.0-aarch64-apple-darwin.tar.gz"
url_api = "https://api.github.com/repos/crate-ci/typos/releases/assets/462430254"

[[tools.usage]]
version = "4.0.0"
backend = "aqua:jdx/usage"

[tools.usage."platforms.linux-arm64"]
checksum = "sha256:bb9556ad822852f1824d9fb6e4d4063d3bf2639929ec4b74750c1f419c2ef733"
url = "https://github.com/jdx/usage/releases/download/v4.0.0/usage-aarch64-unknown-linux-musl.tar.gz"
url_api = "https://api.github.com/repos/jdx/usage/releases/assets/489800370"

[tools.usage."platforms.linux-x64"]
checksum = "sha256:3ce4d8d30f27db44f0aa2fe8bd351229e36e8d38b09060b0cadb7e02be57c69e"
url = "https://github.com/jdx/usage/releases/download/v4.0.0/usage-x86_64-unknown-linux-musl.tar.gz"
url_api = "https://api.github.com/repos/jdx/usage/releases/assets/489800150"

[tools.usage."platforms.macos-arm64"]
checksum = "sha256:b86b3b96590c40156977906758b92238fab506edcbdc5331f9efb034207e2ab4"
url = "https://github.com/jdx/usage/releases/download/v4.0.0/usage-universal-apple-darwin.tar.gz"
url_api = "https://api.github.com/repos/jdx/usage/releases/assets/489800167"

[[tools.uv]]
version = "0.11.32"
backend = "aqua:astral-sh/uv"

[tools.uv."platforms.linux-arm64"]
checksum = "sha256:d70cdae687feb6aad9a09fe8d686df8c8efaf69a1007fa581379a2025adc10a5"
url = "https://github.com/astral-sh/uv/releases/download/0.11.32/uv-aarch64-unknown-linux-musl.tar.gz"
url_api = "https://api.github.com/repos/astral-sh/uv/releases/assets/487747547"
provenance = "github-attestations"

[tools.uv."platforms.linux-x64"]
checksum = "sha256:1fd052f196108d87e61fc3d98fe06b4ec758c9a1eb1466a6fd1a436fe45885f2"
url = "https://github.com/astral-sh/uv/releases/download/0.11.32/uv-x86_64-unknown-linux-musl.tar.gz"
url_api = "https://api.github.com/repos/astral-sh/uv/releases/assets/487747669"
provenance = "github-attestations"

[tools.uv."platforms.macos-arm64"]
checksum = "sha256:ed336d0ba49db8ef89b2b41fffa372ce63bd032f22a56f001c265891aec32829"
url = "https://github.com/astral-sh/uv/releases/download/0.11.32/uv-aarch64-apple-darwin.tar.gz"
url_api = "https://api.github.com/repos/astral-sh/uv/releases/assets/487747526"
provenance = "github-attestations"
