# @generated - this file is auto-generated by `mise lock` https://mise.jdx.dev/dev-tools/mise-lock.html

[[tools.aube]]
version = "1.34.0"
backend = "aqua:jdx/aube"

[tools.aube."platforms.linux-arm64"]
checksum = "sha256:44f38fe924e5bb91818d855a4eabcbcbfbce8b0c2d57b39d5bff28a7ec4ee131"
url = "https://github.com/jdx/aube/releases/download/v1.34.0/aube-v1.34.0-aarch64-unknown-linux-gnu.tar.gz"
url_api = "https://api.github.com/repos/jdx/aube/releases/assets/490930531"
provenance = "github-attestations"

[tools.aube."platforms.linux-x64"]
checksum = "sha256:59298a3046087e0e865f07e87170dbe71ff19be7bfd15ecec1a18635b8ac59d0"
url = "https://github.com/jdx/aube/releases/download/v1.34.0/aube-v1.34.0-x86_64-unknown-linux-gnu.tar.gz"
url_api = "https://api.github.com/repos/jdx/aube/releases/assets/490914739"
provenance = "github-attestations"

[tools.aube."platforms.macos-arm64"]
checksum = "sha256:dc586837830d9cd07368f72c332cfeba1c670d4918c2aac2d2b856191aba8b2c"
url = "https://github.com/jdx/aube/releases/download/v1.34.0/aube-v1.34.0-aarch64-apple-darwin.tar.gz"
url_api = "https://api.github.com/repos/jdx/aube/releases/assets/490949647"
provenance = "github-attestations"

[[tools.biome]]
version = "2.3.11"
backend = "aqua:biomejs/biome"

[tools.biome."platforms.linux-arm64"]
checksum = "sha256:036ce4b0adabac048c1e5f28539d04fdff0b0f81471657244f9cfcf7c8525578"
url = "https://github.com/biomejs/biome/releases/download/%40biomejs/biome%402.3.11/biome-linux-arm64"
url_api = "https://api.github.com/repos/biomejs/biome/releases/assets/335868448"

[tools.biome."platforms.linux-x64"]
checksum = "sha256:92587fac102e33cbf8ab1fdb4884f8f4dcbf1117259fc6decd5cb5b5f5e48e67"
url = "https://github.com/biomejs/biome/releases/download/%40biomejs/biome%402.3.11/biome-linux-x64"
url_api = "https://api.github.com/repos/biomejs/biome/releases/assets/335868445"

[tools.biome."platforms.macos-arm64"]
checksum = "sha256:500fc88ff40925ed422adcca6b8a3e90526ee904d2ba10b0ede0cd065fca3d2b"
url = "https://github.com/biomejs/biome/releases/download/%40biomejs/biome%402.3.11/biome-darwin-arm64"
url_api = "https://api.github.com/repos/biomejs/biome/releases/assets/335868446"

[tools.biome."platforms.macos-x64"]
checksum = "sha256:20f5df31146c12db5eb8d68465ee84ab9c8bddf228d6a0b621785defa635f5ba"
url = "https://github.com/biomejs/biome/releases/download/%40biomejs/biome%402.3.11/biome-darwin-x64"
url_api = "https://api.github.com/repos/biomejs/biome/releases/assets/335868449"

[[tools.cocogitto]]
version = "7.0.0"
backend = "aqua:cocogitto/cocogitto"

[tools.cocogitto."platforms.linux-arm64"]
checksum = "sha256:379949f50c4f8245ef9532913e83f351c048b55e40ebd52ed8a850642c07a753"
url = "https://github.com/cocogitto/cocogitto/releases/download/7.0.0/cocogitto-7.0.0-aarch64-unknown-linux-gnu.tar.gz"
url_api = "https://api.github.com/repos/cocogitto/cocogitto/releases/assets/366659384"

[tools.cocogitto."platforms.linux-x64"]
checksum = "sha256:e03938ff2c4c86d71c00c0f3284dbbe95c5ca76fe34a51f33e945c23010d59bb"
url = "https://github.com/cocogitto/cocogitto/releases/download/7.0.0/cocogitto-7.0.0-x86_64-unknown-linux-musl.tar.gz"
url_api = "https://api.github.com/repos/cocogitto/cocogitto/releases/assets/366659350"

[tools.cocogitto."platforms.macos-arm64"]
checksum = "sha256:429303b6d68c6461aa221ab4de82b26d0bbcdee7127947ea9c7c411ab9bc574c"
url = "https://github.com/cocogitto/cocogitto/releases/download/7.0.0/cocogitto-7.0.0-aarch64-apple-darwin.tar.gz"
url_api = "https://api.github.com/repos/cocogitto/cocogitto/releases/assets/366659431"

[tools.cocogitto."platforms.macos-x64"]
checksum = "sha256:591dcd462e2e35ecc21caf41a15a65d464b7ce1ce8a5c299fa0d46a7798dddb0"
url = "https://github.com/cocogitto/cocogitto/releases/download/7.0.0/cocogitto-7.0.0-x86_64-apple-darwin.tar.gz"
url_api = "https://api.github.com/repos/cocogitto/cocogitto/releases/assets/366659418"

[[tools."github:Mic92/nixfmt-rs"]]
version = "0.5.1"
backend = "github:Mic92/nixfmt-rs"

[tools."github:Mic92/nixfmt-rs"."platforms.linux-arm64"]
checksum = "sha256:e82c0951a6afa5b0f7ec48f10e4b9dd24a775f41e6328d00e6adef9517688309"
url = "https://github.com/Mic92/nixfmt-rs/releases/download/0.5.1/nixfmt-aarch64-linux"
url_api = "https://api.github.com/repos/Mic92/nixfmt-rs/releases/assets/432909973"
provenance = "github-attestations"

[tools."github:Mic92/nixfmt-rs"."platforms.linux-x64"]
checksum = "sha256:392b402839fd5db1f665986b29ed5873a1e86da7a9c79b364d97ae69fac708ca"
url = "https://github.com/Mic92/nixfmt-rs/releases/download/0.5.1/nixfmt-x86_64-linux"
url_api = "https://api.github.com/repos/Mic92/nixfmt-rs/releases/assets/432909972"
provenance = "github-attestations"

[tools."github:Mic92/nixfmt-rs"."platforms.macos-arm64"]
checksum = "sha256:8fc63a5a32dba567c6cb75d0da8f92ce1b076c75b9c1fa0ecee78df93dfdbdf5"
url = "https://github.com/Mic92/nixfmt-rs/releases/download/0.5.1/nixfmt-aarch64-darwin"
url_api = "https://api.github.com/repos/Mic92/nixfmt-rs/releases/assets/432909970"
provenance = "github-attestations"
provenance_verified = true

[[tools.harper-cli]]
version = "2.6.0"
backend = "aqua:Automattic/harper/harper-cli"

[tools.harper-cli."platforms.linux-arm64"]
checksum = "sha256:e95271b44eafd5883878f49f231bbc2a4639a7cc4c3f5554039942dbbb9ec71d"
url = "https://github.com/Automattic/harper/releases/download/v2.6.0/harper-cli-aarch64-unknown-linux-gnu.tar.gz"
url_api = "https://api.github.com/repos/Automattic/harper/releases/assets/456745232"

[tools.harper-cli."platforms.linux-x64"]
checksum = "sha256:4c7706869d57e05861b08f1e0750835d6ac3eb16b9c333538ba425d05757725f"
url = "https://github.com/Automattic/harper/releases/download/v2.6.0/harper-cli-x86_64-unknown-linux-gnu.tar.gz"
url_api = "https://api.github.com/repos/Automattic/harper/releases/assets/456744965"

[tools.harper-cli."platforms.macos-arm64"]
checksum = "sha256:4ff0a0aa1e845a7295d85ce70877cdd8bd9e917a7a0027b0ed57acd2bf13808f"
url = "https://github.com/Automattic/harper/releases/download/v2.6.0/harper-cli-aarch64-apple-darwin.tar.gz"
url_api = "https://api.github.com/repos/Automattic/harper/releases/assets/456745684"

[tools.harper-cli."platforms.macos-x64"]
checksum = "sha256:23d03f4482d11a72fa370b186322962e49093e88d7b13f3c9d43f5bb29ff9b43"
url = "https://github.com/Automattic/harper/releases/download/v2.6.0/harper-cli-x86_64-apple-darwin.tar.gz"
url_api = "https://api.github.com/repos/Automattic/harper/releases/assets/456744844"

[[tools.hk]]
version = "1.49.0"
backend = "aqua:jdx/hk"

[tools.hk."platforms.linux-arm64"]
checksum = "sha256:9d1b59d01d88a663b532230f718fb03fc244c41495a9eecc044ca0b47819a9d8"
url = "https://github.com/jdx/hk/releases/download/v1.49.0/hk-aarch64-unknown-linux-gnu.tar.gz"
url_api = "https://api.github.com/repos/jdx/hk/releases/assets/463689401"

[tools.hk."platforms.linux-x64"]
checksum = "sha256:409c24b22c7f0c2f32be9330defbef54adf71aa53ec13853e20ac0ea952061d6"
url = "https://github.com/jdx/hk/releases/download/v1.49.0/hk-x86_64-unknown-linux-gnu.tar.gz"
url_api = "https://api.github.com/repos/jdx/hk/releases/assets/463689407"

[tools.hk."platforms.macos-arm64"]
checksum = "sha256:2a5b302b97107c036bc7362cd6d8d0501dbb1b735db07c70bc1231a6fe90df44"
url = "https://github.com/jdx/hk/releases/download/v1.49.0/hk-aarch64-apple-darwin.tar.gz"
url_api = "https://api.github.com/repos/jdx/hk/releases/assets/463689399"

[[tools.mdbook]]
version = "0.5.2"
backend = "aqua:rust-lang/mdBook"

[tools.mdbook."platforms.linux-x64"]
checksum = "sha256:8e9d802bbecea34380aabfc65bec4fdba23c07453ef2c7e06fa34c282082e2c4"
url = "https://github.com/rust-lang/mdBook/releases/download/v0.5.2/mdbook-v0.5.2-x86_64-unknown-linux-musl.tar.gz"
url_api = "https://api.github.com/repos/rust-lang/mdBook/releases/assets/327545066"

[tools.mdbook."platforms.macos-arm64"]
checksum = "sha256:17cc64478ec279a73881420e850bd8f9d460552e56b50159ff465bc97eb90d6c"
url = "https://github.com/rust-lang/mdBook/releases/download/v0.5.2/mdbook-v0.5.2-x86_64-apple-darwin.tar.gz"
url_api = "https://api.github.com/repos/rust-lang/mdBook/releases/assets/327545156"

[tools.mdbook."platforms.macos-x64"]
checksum = "sha256:17cc64478ec279a73881420e850bd8f9d460552e56b50159ff465bc97eb90d6c"
url = "https://github.com/rust-lang/mdBook/releases/download/v0.5.2/mdbook-v0.5.2-x86_64-apple-darwin.tar.gz"
url_api = "https://api.github.com/repos/rust-lang/mdBook/releases/assets/327545156"

[[tools.node]]
version = "24.18.0"
backend = "core:node"

[tools.node."platforms.linux-arm64"]
checksum = "sha256:6b4484c2190274175df9aa8f28e2d758a819cb1c1fe6ab481e2f95b463ab8508"
url = "https://nodejs.org/dist/v24.18.0/node-v24.18.0-linux-arm64.tar.gz"

[tools.node."platforms.linux-x64"]
checksum = "sha256:783130984963db7ba9cbd01089eaf2c2efb055c7c1693c943174b967b3050cb8"
url = "https://nodejs.org/dist/v24.18.0/node-v24.18.0-linux-x64.tar.gz"

[tools.node."platforms.macos-arm64"]
checksum = "sha256:e1a97e14c99c803e96c7339403282ea05a499c32f8d83defe9ef5ec66f979ed1"
url = "https://nodejs.org/dist/v24.18.0/node-v24.18.0-darwin-arm64.tar.gz"

[tools.node."platforms.macos-x64"]
checksum = "sha256:dfd0dbd3e721503434df7b7205e719f61b3a3a31b2bcf9729b8b91fea240f080"
url = "https://nodejs.org/dist/v24.18.0/node-v24.18.0-darwin-x64.tar.gz"

[[tools."npm:@contextlint/cli"]]
version = "1.1.1"
backend = "npm:@contextlint/cli"

[tools."npm:@contextlint/cli".options]
aube_args = "--allow-low-downloads"

[[tools."npm:markdown-table-formatter"]]
version = "1.7.0"
backend = "npm:markdown-table-formatter"

[[tools.ruff]]
version = "0.16.0"
backend = "aqua:astral-sh/ruff"

[tools.ruff."platforms.linux-arm64"]
checksum = "sha256:7a6add3d38768dfa00c6d3853e9bd940b5526f3fbb76f02b1fe77ec0653f1e0e"
url = "https://github.com/astral-sh/ruff/releases/download/0.16.0/ruff-aarch64-unknown-linux-musl.tar.gz"
url_api = "https://api.github.com/repos/astral-sh/ruff/releases/assets/487540070"
provenance = "github-attestations"

[tools.ruff."platforms.linux-x64"]
checksum = "sha256:2138b7bc58ff877f5bba09aea4cc984ad5699433b6a3f811003527b8cff8e9ad"
url = "https://github.com/astral-sh/ruff/releases/download/0.16.0/ruff-x86_64-unknown-linux-musl.tar.gz"
url_api = "https://api.github.com/repos/astral-sh/ruff/releases/assets/487540129"
provenance = "github-attestations"

[tools.ruff."platforms.macos-arm64"]
checksum = "sha256:ce6564491a2cc4b0659f45ee174dbef17e4dec24e03a9c03d313b5430bc21099"
url = "https://github.com/astral-sh/ruff/releases/download/0.16.0/ruff-aarch64-apple-darwin.tar.gz"
url_api = "https://api.github.com/repos/astral-sh/ruff/releases/assets/487540064"
provenance = "github-attestations"

[tools.ruff."platforms.macos-x64"]
checksum = "sha256:3d9ef6228c4eeb26d593c398b2dc5250e0f6d6425933db2993fcf30d49c78b69"
url = "https://github.com/astral-sh/ruff/releases/download/0.16.0/ruff-x86_64-apple-darwin.tar.gz"
url_api = "https://api.github.com/repos/astral-sh/ruff/releases/assets/487540116"
provenance = "github-attestations"

[[tools.rumdl]]
version = "0.2.43"
backend = "aqua:rvben/rumdl"

[tools.rumdl."platforms.linux-arm64"]
checksum = "sha256:d5388225fa5e87c558c8d9bdc78dba515ce5ac2cbf8213fcc56ecdeabe534776"
url = "https://github.com/rvben/rumdl/releases/download/v0.2.43/rumdl-v0.2.43-aarch64-unknown-linux-musl.tar.gz"
url_api = "https://api.github.com/repos/rvben/rumdl/releases/assets/488745474"
provenance = "github-attestations"

[tools.rumdl."platforms.linux-x64"]
checksum = "sha256:e74e580aaf32698f61081ef1f6b9748f5c3fc1df311c14ab47ad3548a6a62f81"
url = "https://github.com/rvben/rumdl/releases/download/v0.2.43/rumdl-v0.2.43-x86_64-unknown-linux-musl.tar.gz"
url_api = "https://api.github.com/repos/rvben/rumdl/releases/assets/488745475"
provenance = "github-attestations"

[tools.rumdl."platforms.macos-arm64"]
checksum = "sha256:43b19e0783b68135029b4f58dcb5bb7bf571f498107f6dae107e08bc6fe07214"
url = "https://github.com/rvben/rumdl/releases/download/v0.2.43/rumdl-v0.2.43-aarch64-apple-darwin.tar.gz"
url_api = "https://api.github.com/repos/rvben/rumdl/releases/assets/488745481"
provenance = "github-attestations"

[tools.rumdl."platforms.macos-x64"]
checksum = "sha256:9ae902fa12b095911a7568457afdcde73a5295b168a063cdf8d478a3728d6411"
url = "https://github.com/rvben/rumdl/releases/download/v0.2.43/rumdl-v0.2.43-x86_64-apple-darwin.tar.gz"
url_api = "https://api.github.com/repos/rvben/rumdl/releases/assets/488745471"
provenance = "github-attestations"

[[tools.ty]]
version = "0.0.63"
backend = "aqua:astral-sh/ty"

[tools.ty."platforms.linux-arm64"]
checksum = "sha256:e44b9da55ec237a8e8c53991c9df56603d2948d721c9710ec430e4112e2fbe6e"
url = "https://github.com/astral-sh/ty/releases/download/0.0.63/ty-aarch64-unknown-linux-musl.tar.gz"
url_api = "https://api.github.com/repos/astral-sh/ty/releases/assets/487124536"
provenance = "github-attestations"

[tools.ty."platforms.linux-x64"]
checksum = "sha256:363c340abc2490f3cfd7d9b829ff89cd8e79a41f8d9db911bf78dae48c36c436"
url = "https://github.com/astral-sh/ty/releases/download/0.0.63/ty-x86_64-unknown-linux-musl.tar.gz"
url_api = "https://api.github.com/repos/astral-sh/ty/releases/assets/487124639"
provenance = "github-attestations"

[tools.ty."platforms.macos-arm64"]
checksum = "sha256:30d09000d5f2524769816c57f85e19505676d23618aad6a43e046d5c50510988"
url = "https://github.com/astral-sh/ty/releases/download/0.0.63/ty-aarch64-apple-darwin.tar.gz"
url_api = "https://api.github.com/repos/astral-sh/ty/releases/assets/487124513"
provenance = "github-attestations"

[tools.ty."platforms.macos-x64"]
checksum = "sha256:5a18373c8bd6894be5f595a2cbefa4e72b7d5b95cfe2c2f075024a949064bba9"
url = "https://github.com/astral-sh/ty/releases/download/0.0.63/ty-x86_64-apple-darwin.tar.gz"
url_api = "https://api.github.com/repos/astral-sh/ty/releases/assets/487124618"
provenance = "github-attestations"

[[tools.typos]]
version = "1.48.0"
backend = "aqua:crate-ci/typos"

[tools.typos."platforms.linux-arm64"]
checksum = "sha256:2960ae07bc1ffe19e4895e4359394dd349c9c31de78aac3a124b6e4aeb206698"
url = "https://github.com/crate-ci/typos/releases/download/v1.48.0/typos-v1.48.0-aarch64-unknown-linux-musl.tar.gz"
url_api = "https://api.github.com/repos/crate-ci/typos/releases/assets/462429655"

[tools.typos."platforms.linux-x64"]
checksum = "sha256:72a930c9a94fc3914aa56835c5b859c892a797d40c1c42638b98d93f16ff519c"
url = "https://github.com/crate-ci/typos/releases/download/v1.48.0/typos-v1.48.0-x86_64-unknown-linux-musl.tar.gz"
url_api = "https://api.github.com/repos/crate-ci/typos/releases/assets/462429902"

[tools.typos."platforms.macos-arm64"]
checksum = "sha256:7dcaf386ec255995dcbaf629641f961574b7e8785203921115eab75cbf1ca107"
url = "https://github.com/crate-ci/typos/releases/download/v1.48.0/typos-v1.48.0-aarch64-apple-darwin.tar.gz"
url_api = "https://api.github.com/repos/crate-ci/typos/releases/assets/462430254"

[tools.typos."platforms.macos-x64"]
checksum = "sha256:f4335c255db3d57374484e0e96505c8910c0e2fa6d8813b15de529c98f93b1a9"
url = "https://github.com/crate-ci/typos/releases/download/v1.48.0/typos-v1.48.0-x86_64-apple-darwin.tar.gz"
url_api = "https://api.github.com/repos/crate-ci/typos/releases/assets/462431306"

[[tools.uv]]
version = "0.11.32"
backend = "aqua:astral-sh/uv"

[tools.uv."platforms.linux-arm64"]
checksum = "sha256:d70cdae687feb6aad9a09fe8d686df8c8efaf69a1007fa581379a2025adc10a5"
url = "https://github.com/astral-sh/uv/releases/download/0.11.32/uv-aarch64-unknown-linux-musl.tar.gz"
url_api = "https://api.github.com/repos/astral-sh/uv/releases/assets/487747547"
provenance = "github-attestations"

[tools.uv."platforms.linux-x64"]
checksum = "sha256:1fd052f196108d87e61fc3d98fe06b4ec758c9a1eb1466a6fd1a436fe45885f2"
url = "https://github.com/astral-sh/uv/releases/download/0.11.32/uv-x86_64-unknown-linux-musl.tar.gz"
url_api = "https://api.github.com/repos/astral-sh/uv/releases/assets/487747669"
provenance = "github-attestations"

[tools.uv."platforms.macos-arm64"]
checksum = "sha256:ed336d0ba49db8ef89b2b41fffa372ce63bd032f22a56f001c265891aec32829"
url = "https://github.com/astral-sh/uv/releases/download/0.11.32/uv-aarch64-apple-darwin.tar.gz"
url_api = "https://api.github.com/repos/astral-sh/uv/releases/assets/487747526"
provenance = "github-attestations"

[tools.uv."platforms.macos-x64"]
checksum = "sha256:77f5ca26c0de20e992a3677a174fe1121ee25c36f9b1434a863f75bf077a05eb"
url = "https://github.com/astral-sh/uv/releases/download/0.11.32/uv-x86_64-apple-darwin.tar.gz"
url_api = "https://api.github.com/repos/astral-sh/uv/releases/assets/487747646"
provenance = "github-attestations"
