# @generated - this file is auto-generated by `mise lock` https://mise.jdx.dev/dev-tools/mise-lock.html

[[tools.codex]]
version = "0.145.0"
backend = "npm:@openai/codex"

[[tools.mas]]
version = "7.0.0"
backend = "aqua:mas-cli/mas"

[tools.mas."platforms.macos-arm64"]
checksum = "sha256:bc218a854c85d9e1c95496a96b26287bb66056b95688b90f91d04fa62ed21b75"
url = "https://github.com/mas-cli/mas/releases/download/v7.0.0/mas-7.0.0-arm64.pkg"
url_api = "https://api.github.com/repos/mas-cli/mas/releases/assets/411752346"

[[tools."npm:@earendil-works/pi-coding-agent"]]
version = "0.82.1"
backend = "npm:@earendil-works/pi-coding-agent"

[[tools."npm:@fission-ai/openspec"]]
version = "1.6.0"
backend = "npm:@fission-ai/openspec"

[[tools.opencode]]
version = "1.18.5"
backend = "aqua:anomalyco/opencode"

[tools.opencode."platforms.linux-arm64"]
checksum = "sha256:18b643362fdf0b8d5b8711b3e160dafb4e68d0bfc00288f56fd1298fd72da69d"
url = "https://github.com/anomalyco/opencode/releases/download/v1.18.5/opencode-linux-arm64.tar.gz"
url_api = "https://api.github.com/repos/anomalyco/opencode/releases/assets/488859772"

[tools.opencode."platforms.linux-x64"]
checksum = "sha256:cd4a2557a3d6550f27cb5c0257ebe8d73388bb34beda8b6121e6428a74c1eae2"
url = "https://github.com/anomalyco/opencode/releases/download/v1.18.5/opencode-linux-x64.tar.gz"
url_api = "https://api.github.com/repos/anomalyco/opencode/releases/assets/488859773"

[tools.opencode."platforms.macos-arm64"]
checksum = "sha256:85f6f9eece174d3bf0c92588086a65284388b891256c8f4102dc317d476ffca6"
url = "https://github.com/anomalyco/opencode/releases/download/v1.18.5/opencode-darwin-arm64.zip"
url_api = "https://api.github.com/repos/anomalyco/opencode/releases/assets/488859705"
