# @generated - this file is auto-generated by `mise lock` https://mise.jdx.dev/dev-tools/mise-lock.html

[[tools.acli]]
version = "1.3.22-stable"
backend = "aqua:atlassian.com/acli"

[tools.acli."platforms.linux-arm64"]
url = "https://acli.atlassian.com/linux/1.3.22-stable/acli_1.3.22-stable_linux_arm64.tar.gz"

[tools.acli."platforms.linux-x64"]
url = "https://acli.atlassian.com/linux/1.3.22-stable/acli_1.3.22-stable_linux_amd64.tar.gz"

[tools.acli."platforms.macos-arm64"]
url = "https://acli.atlassian.com/darwin/1.3.22-stable/acli_1.3.22-stable_darwin_arm64.tar.gz"

[[tools."aqua:gastownhall/beads"]]
version = "1.1.2"
backend = "aqua:gastownhall/beads"

[tools."aqua:gastownhall/beads"."platforms.linux-arm64"]
checksum = "sha256:a134015faf4be0a43f8681a8d602eaf0b7c255c957f09d3c933257c8c92fdd10"
url = "https://github.com/gastownhall/beads/releases/download/v1.1.2/beads_1.1.2_linux_arm64.tar.gz"
url_api = "https://api.github.com/repos/gastownhall/beads/releases/assets/490569670"
provenance = "github-attestations"

[tools."aqua:gastownhall/beads"."platforms.linux-x64"]
checksum = "sha256:a72d71ed374955dc9f83a0f90b54bd7b6a0016709dd1676ae2e368651ed401c2"
url = "https://github.com/gastownhall/beads/releases/download/v1.1.2/beads_1.1.2_linux_amd64.tar.gz"
url_api = "https://api.github.com/repos/gastownhall/beads/releases/assets/490569654"
provenance = "github-attestations"

[tools."aqua:gastownhall/beads"."platforms.macos-arm64"]
checksum = "sha256:9b0137a83a2afd343e2abd2a506be72ea032721000f76669c2cf81729e78501d"
url = "https://github.com/gastownhall/beads/releases/download/v1.1.2/beads_1.1.2_darwin_arm64.tar.gz"
url_api = "https://api.github.com/repos/gastownhall/beads/releases/assets/490572804"
provenance = "github-attestations"

[[tools."aqua:sethvargo/ratchet"]]
version = "0.12.0"
backend = "aqua:sethvargo/ratchet"

[tools."aqua:sethvargo/ratchet"."platforms.linux-arm64"]
checksum = "sha256:15e6f7f00b53dd95001487bf5651d9dcd48d61dc22cfc945df375419c6000b4c"
url = "https://github.com/sethvargo/ratchet/releases/download/v0.12.0/ratchet_0.12.0_linux_arm64.tar.gz"
url_api = "https://api.github.com/repos/sethvargo/ratchet/releases/assets/480978600"
provenance = "github-attestations"

[tools."aqua:sethvargo/ratchet"."platforms.linux-x64"]
checksum = "sha256:e1fb026d93d84020cc4354dd3fdc667f6e03f04d017edcc4a2bddfc78c1efb56"
url = "https://github.com/sethvargo/ratchet/releases/download/v0.12.0/ratchet_0.12.0_linux_amd64.tar.gz"
url_api = "https://api.github.com/repos/sethvargo/ratchet/releases/assets/480978598"
provenance = "github-attestations"

[tools."aqua:sethvargo/ratchet"."platforms.macos-arm64"]
checksum = "sha256:542889d96cdd7f084314ad5adc7bbe10ac42b56d0668b9714361e5e3a8f3f99a"
url = "https://github.com/sethvargo/ratchet/releases/download/v0.12.0/ratchet_0.12.0_darwin_arm64.tar.gz"
url_api = "https://api.github.com/repos/sethvargo/ratchet/releases/assets/480978601"
provenance = "github-attestations"

[[tools.bat]]
version = "0.26.1"
backend = "aqua:sharkdp/bat"

[tools.bat."platforms.linux-arm64"]
checksum = "sha256:6369242c584065f195fb20cb36fbd7cb63ae690605bbe89868a7596b596c2c23"
url = "https://github.com/sharkdp/bat/releases/download/v0.26.1/bat-v0.26.1-aarch64-unknown-linux-musl.tar.gz"
url_api = "https://api.github.com/repos/sharkdp/bat/releases/assets/323548153"

[tools.bat."platforms.linux-x64"]
checksum = "sha256:0dcd8ac79732c0d5b136f11f4ee00e581440e16a44eab5b3105b611bbf2cf191"
url = "https://github.com/sharkdp/bat/releases/download/v0.26.1/bat-v0.26.1-x86_64-unknown-linux-musl.tar.gz"
url_api = "https://api.github.com/repos/sharkdp/bat/releases/assets/323549429"

[tools.bat."platforms.macos-arm64"]
checksum = "sha256:e30beff26779c9bf60bb541e1d79046250cb74378f2757f8eb250afddb19e114"
url = "https://github.com/sharkdp/bat/releases/download/v0.26.1/bat-v0.26.1-aarch64-apple-darwin.tar.gz"
url_api = "https://api.github.com/repos/sharkdp/bat/releases/assets/323548442"

[[tools."github:ctxrs/ctx"]]
version = "0.25.0"
backend = "github:ctxrs/ctx"

[tools."github:ctxrs/ctx"."platforms.linux-arm64"]
checksum = "sha256:4aa5d9ec83e82be567ed290e25ad2fa91f1aa4cfe15329767046fa114693d98a"
url = "https://github.com/ctxrs/ctx/releases/download/v0.25.0/ctx-linux-aarch64"
url_api = "https://api.github.com/repos/ctxrs/ctx/releases/assets/475658912"

[tools."github:ctxrs/ctx"."platforms.linux-x64"]
checksum = "sha256:44fdc710c142c686c3b6ecb88bfad584f94abff3281ccfa389a4d2320c7ce526"
url = "https://github.com/ctxrs/ctx/releases/download/v0.25.0/ctx-linux-x64"
url_api = "https://api.github.com/repos/ctxrs/ctx/releases/assets/475658908"

[tools."github:ctxrs/ctx"."platforms.macos-arm64"]
checksum = "sha256:e02701896c2189fe5c622ecd5326c3bf57a5cda8febef942418e79203e543d20"
url = "https://github.com/ctxrs/ctx/releases/download/v0.25.0/ctx-macos-arm64"
url_api = "https://api.github.com/repos/ctxrs/ctx/releases/assets/475658905"

[[tools."github:max-sixty/worktrunk"]]
version = "0.69.2"
backend = "github:max-sixty/worktrunk"

[tools."github:max-sixty/worktrunk"."platforms.linux-arm64"]
checksum = "sha256:3364091396da3f1b5c1bc89f50d130780564a80c23a323a38b3845554661c95a"
url = "https://github.com/max-sixty/worktrunk/releases/download/v0.69.2/worktrunk-aarch64-unknown-linux-musl.tar.xz"
url_api = "https://api.github.com/repos/max-sixty/worktrunk/releases/assets/489103701"

[tools."github:max-sixty/worktrunk"."platforms.linux-x64"]
checksum = "sha256:f63910c119ed419238eb6b060c3a513bd8731994deeb31eda4f42e84d86d0a0a"
url = "https://github.com/max-sixty/worktrunk/releases/download/v0.69.2/worktrunk-x86_64-unknown-linux-musl.tar.xz"
url_api = "https://api.github.com/repos/max-sixty/worktrunk/releases/assets/489103718"

[tools."github:max-sixty/worktrunk"."platforms.macos-arm64"]
checksum = "sha256:cd451d1101eed9461fefa285269055510179b29690457fbfaf5e667d3ff0a273"
url = "https://github.com/max-sixty/worktrunk/releases/download/v0.69.2/worktrunk-aarch64-apple-darwin.tar.xz"
url_api = "https://api.github.com/repos/max-sixty/worktrunk/releases/assets/489103688"

[[tools."github:ogulcancelik/herdr"]]
version = "0.7.5"
backend = "github:ogulcancelik/herdr"

[tools."github:ogulcancelik/herdr"."platforms.linux-arm64"]
checksum = "sha256:32e763a1499a6b694b1d708e4f062b743be1da9f34fcfa4d212d6db6fe09a8b9"
url = "https://github.com/ogulcancelik/herdr/releases/download/v0.7.5/herdr-linux-aarch64"
url_api = "https://api.github.com/repos/ogulcancelik/herdr/releases/assets/484992543"

[tools."github:ogulcancelik/herdr"."platforms.linux-x64"]
checksum = "sha256:3dc83288073e4c2d3c679a30e7be97bcca9141c6fd17dbbb9219142e95c59253"
url = "https://github.com/ogulcancelik/herdr/releases/download/v0.7.5/herdr-linux-x86_64"
url_api = "https://api.github.com/repos/ogulcancelik/herdr/releases/assets/484992544"

[tools."github:ogulcancelik/herdr"."platforms.macos-arm64"]
checksum = "sha256:37350546b0012555943b92eaf962665de4e264395baeb44227b8015e8ff5b0d6"
url = "https://github.com/ogulcancelik/herdr/releases/download/v0.7.5/herdr-macos-aarch64"
url_api = "https://api.github.com/repos/ogulcancelik/herdr/releases/assets/484992542"

[[tools."github:peterldowns/nix-search-cli"]]
version = "0.3+commit.ab0d515"
backend = "github:peterldowns/nix-search-cli"

[tools."github:peterldowns/nix-search-cli"."platforms.linux-arm64"]
checksum = "sha256:744cd686075c8a24e56a0f307ae7143ddd2ea3bc43d74b34ede026dffd6a50a4"
url = "https://github.com/peterldowns/nix-search-cli/releases/download/v0.3%2Bcommit.ab0d515/nix-search-linux-arm64"
url_api = "https://api.github.com/repos/peterldowns/nix-search-cli/releases/assets/312020951"

[tools."github:peterldowns/nix-search-cli"."platforms.linux-arm64-musl"]
checksum = "sha256:744cd686075c8a24e56a0f307ae7143ddd2ea3bc43d74b34ede026dffd6a50a4"
url = "https://github.com/peterldowns/nix-search-cli/releases/download/v0.3%2Bcommit.ab0d515/nix-search-linux-arm64"
url_api = "https://api.github.com/repos/peterldowns/nix-search-cli/releases/assets/312020951"

[tools."github:peterldowns/nix-search-cli"."platforms.linux-x64"]
checksum = "sha256:6a504436f00e82cf7c2d590f0f020fc14fd7ad83c3a60fe48d7baecc0fa3d61c"
url = "https://github.com/peterldowns/nix-search-cli/releases/download/v0.3%2Bcommit.ab0d515/nix-search-linux-amd64"
url_api = "https://api.github.com/repos/peterldowns/nix-search-cli/releases/assets/312020991"

[tools."github:peterldowns/nix-search-cli"."platforms.linux-x64-musl"]
checksum = "sha256:6a504436f00e82cf7c2d590f0f020fc14fd7ad83c3a60fe48d7baecc0fa3d61c"
url = "https://github.com/peterldowns/nix-search-cli/releases/download/v0.3%2Bcommit.ab0d515/nix-search-linux-amd64"
url_api = "https://api.github.com/repos/peterldowns/nix-search-cli/releases/assets/312020991"

[tools."github:peterldowns/nix-search-cli"."platforms.macos-arm64"]
checksum = "sha256:38a1bc59b7efe22f22654f7e3a3a82691e1b8a09b069d638e7f3724d1c726922"
url = "https://github.com/peterldowns/nix-search-cli/releases/download/v0.3%2Bcommit.ab0d515/nix-search-darwin-arm64"
url_api = "https://api.github.com/repos/peterldowns/nix-search-cli/releases/assets/312020914"

[[tools."nix:deadnix"]]
version = "nixos/nixpkgs#deadnix"
backend = "nix:deadnix"

[[tools."nix:devenv"]]
version = "nixos/nixpkgs#devenv"
backend = "nix:devenv"

[[tools.node]]
version = "24.18.0"
backend = "core:node"

[tools.node."platforms.linux-arm64"]
checksum = "sha256:6b4484c2190274175df9aa8f28e2d758a819cb1c1fe6ab481e2f95b463ab8508"
url = "https://nodejs.org/dist/v24.18.0/node-v24.18.0-linux-arm64.tar.gz"

[tools.node."platforms.linux-arm64-musl"]
checksum = "sha256:b1c6c2dc31b46dd8fb2322f4fe75b07e775c5120bc37251deeea28f529d4567b"
url = "https://unofficial-builds.nodejs.org/download/release/v24.18.0/node-v24.18.0-linux-arm64-musl.tar.gz"

[tools.node."platforms.linux-x64"]
checksum = "sha256:783130984963db7ba9cbd01089eaf2c2efb055c7c1693c943174b967b3050cb8"
url = "https://nodejs.org/dist/v24.18.0/node-v24.18.0-linux-x64.tar.gz"

[tools.node."platforms.linux-x64-musl"]
checksum = "sha256:ea58409911e141ec6b19d9178efa2d9185a13295005b1cbf5521b3157eed1d95"
url = "https://unofficial-builds.nodejs.org/download/release/v24.18.0/node-v24.18.0-linux-x64-musl.tar.gz"

[tools.node."platforms.macos-arm64"]
checksum = "sha256:e1a97e14c99c803e96c7339403282ea05a499c32f8d83defe9ef5ec66f979ed1"
url = "https://nodejs.org/dist/v24.18.0/node-v24.18.0-darwin-arm64.tar.gz"

[tools.node."platforms.windows-x64"]
checksum = "sha256:0ae68406b42d7725661da979b1403ec9926da205c6770827f33aac9d8f26e821"
url = "https://nodejs.org/dist/v24.18.0/node-v24.18.0-win-x64.zip"

[[tools.pkl]]
version = "0.32.1"
backend = "aqua:apple/pkl"

[tools.pkl."platforms.linux-arm64"]
checksum = "sha256:a76d2dd47da435a8f911b0347373f47c7e59ea54fb75ff846d20b8df10dba058"
url = "https://github.com/apple/pkl/releases/download/0.32.1/pkl-linux-aarch64"
url_api = "https://api.github.com/repos/apple/pkl/releases/assets/487426568"

[tools.pkl."platforms.linux-x64"]
checksum = "sha256:3180b62da95c0cad1d904e9bb6c5f4a8f9032413c21e53194bb91ff1ee5f3211"
url = "https://github.com/apple/pkl/releases/download/0.32.1/pkl-linux-amd64"
url_api = "https://api.github.com/repos/apple/pkl/releases/assets/487426567"

[tools.pkl."platforms.macos-arm64"]
checksum = "sha256:563eb51c9a20b16a3625464ed745c675ed9750381f2126722696a0d7cac1d9d3"
url = "https://github.com/apple/pkl/releases/download/0.32.1/pkl-macos-aarch64"
url_api = "https://api.github.com/repos/apple/pkl/releases/assets/487426570"

[[tools.python]]
version = "3.14.6"
backend = "core:python"

[tools.python."platforms.linux-arm64"]
checksum = "sha256:c2a2caa03aa9beb77a5bbb5a009c8fe77b96a56925da2dba18095237e30faf04"
url = "https://github.com/astral-sh/python-build-standalone/releases/download/20260718/cpython-3.14.6+20260718-aarch64-unknown-linux-gnu-install_only_stripped.tar.gz"
provenance = "github-attestations"

[tools.python."platforms.linux-x64"]
checksum = "sha256:86bf107f65fc30b56f2b263b26797fcbb1661f5315910cdbf27f733eb8738b74"
url = "https://github.com/astral-sh/python-build-standalone/releases/download/20260718/cpython-3.14.6+20260718-x86_64-unknown-linux-gnu-install_only_stripped.tar.gz"
provenance = "github-attestations"

[tools.python."platforms.macos-arm64"]
checksum = "sha256:5e8e0746cb0108d138f510cfbb28c4b031b9ed63bbbe3e43a34c77d4663c4fa1"
url = "https://github.com/astral-sh/python-build-standalone/releases/download/20260718/cpython-3.14.6+20260718-aarch64-apple-darwin-install_only_stripped.tar.gz"
provenance = "github-attestations"

[[tools.usage]]
version = "4.0.0"
backend = "aqua:jdx/usage"

[tools.usage."platforms.linux-arm64"]
checksum = "sha256:bb9556ad822852f1824d9fb6e4d4063d3bf2639929ec4b74750c1f419c2ef733"
url = "https://github.com/jdx/usage/releases/download/v4.0.0/usage-aarch64-unknown-linux-musl.tar.gz"
url_api = "https://api.github.com/repos/jdx/usage/releases/assets/489800370"

[tools.usage."platforms.linux-x64"]
checksum = "sha256:3ce4d8d30f27db44f0aa2fe8bd351229e36e8d38b09060b0cadb7e02be57c69e"
url = "https://github.com/jdx/usage/releases/download/v4.0.0/usage-x86_64-unknown-linux-musl.tar.gz"
url_api = "https://api.github.com/repos/jdx/usage/releases/assets/489800150"

[tools.usage."platforms.macos-arm64"]
checksum = "sha256:b86b3b96590c40156977906758b92238fab506edcbdc5331f9efb034207e2ab4"
url = "https://github.com/jdx/usage/releases/download/v4.0.0/usage-universal-apple-darwin.tar.gz"
url_api = "https://api.github.com/repos/jdx/usage/releases/assets/489800167"
